{
  "_readme": [
    "This file locks the dependencies of your project to a known state",
    "Read more about it at https://getcomposer.org/doc/01-basic-usage.md#installing-dependencies",
    "This file is @generated automatically"
  ],
  "content-hash": "1dd38a5e4c8bf8532c34e6e161a023b5",
  "packages": [],
  "packages-dev": [],
  "aliases": [],
  "minimum-stability": "stable",
  "stability-flags": [],
  "prefer-stable": false,
  "prefer-lowest": false,
  "platform": {
    "ext-pdo": "*",
    "ext-intl": "*"
  },
  "platform-dev": [],
  "plugin-api-version": "2.3.0"
}
